
Microsoft Visual Studio Solution File, Format Version 12.00
Project("{FAE04EC0-301F-11D3-BF4B-00C04F79EFBC}") = "RavexSolution.Logistico.Integracao.Exemplo", "RavexSolution.Logistico.Integracao.Exemplo.csproj", "{C399A080-5F82-4941-A999-FAFA543BE256}"
EndProject
Global
	GlobalSection(SolutionConfigurationPlatforms) = preSolution
		Debug|Any CPU = Debug|Any CPU
		Release|Any CPU = Release|Any CPU
	EndGlobalSection
	GlobalSection(ProjectConfigurationPlatforms) = postSolution
		{C399A080-5F82-4941-A999-FAFA543BE256}.Debug|Any CPU.ActiveCfg = Debug|Any CPU
		{C399A080-5F82-4941-A999-FAFA543BE256}.Debug|Any CPU.Build.0 = Debug|Any CPU
		{C399A080-5F82-4941-A999-FAFA543BE256}.Release|Any CPU.ActiveCfg = Release|Any CPU
		{C399A080-5F82-4941-A999-FAFA543BE256}.Release|Any CPU.Build.0 = Release|Any CPU
	EndGlobalSection
EndGlobal
